Microsoft Visual Studio Solution File, Format Version 12.00
# Visual Studio Version 17
VisualStudioVersion = 17.5.2.0
MinimumVisualStudioVersion = 10.0.40219.1
Project("{FAE04EC0-301F-11D3-BF4B-00C04F79EFBC}") = "FinalProject.Backend", "FinalProject.Backend.csproj", "{46D39867-A3A4-4413-36A7-6E276FA98723}"
EndProject
Global
	GlobalSection(SolutionConfigurationPlatforms) = preSolution
		Debug|Any CPU = Debug|Any CPU
		Release|Any CPU = Release|Any CPU
	EndGlobalSection
	GlobalSection(ProjectConfigurationPlatforms) = postSolution
		{46D39867-A3A4-4413-36A7-6E276FA98723}.Debug|Any CPU.ActiveCfg = Debug|Any CPU
		{46D39867-A3A4-4413-36A7-6E276FA98723}.Debug|Any CPU.Build.0 = Debug|Any CPU
		{46D39867-A3A4-4413-36A7-6E276FA98723}.Release|Any CPU.ActiveCfg = Release|Any CPU
		{46D39867-A3A4-4413-36A7-6E276FA98723}.Release|Any CPU.Build.0 = Release|Any CPU
	EndGlobalSection
	GlobalSection(SolutionProperties) = preSolution
		HideSolutionNode = FALSE
	EndGlobalSection
	GlobalSection(ExtensibilityGlobals) = postSolution
		SolutionGuid = {FFCF6F52-E7B2-44CC-BE17-C696AE619197}
	EndGlobalSection
EndGlobal
